// !$*UTF8*$!
{
	archiveVersion = 1;
	classes = {
	};
	objectVersion = 46;
	objects = {

/* Begin PBXBuildFile section */
		0C39DFA0E84862CC60FFC553 /* Pods_Standup_iosTests.framework in Frameworks */ = {isa = PBXBuildFile; fileRef = 1969D71F7870DE3D341A6669 /* Pods_Standup_iosTests.framework */; };
		AD210501CA3259ADFA997F91 /* Pods_Standup_iosUITests.framework in Frameworks */ = {isa = PBXBuildFile; fileRef = F389E3D2EEFC45E648ED934D /* Pods_Standup_iosUITests.framework */; };
		DB914DDA04CFDD9B39D2E35D /* Pods_Standup_ios.framework in Frameworks */ = {isa = PBXBuildFile; fileRef = 681090AC32F2ED6FC9E9EF05 /* Pods_Standup_ios.framework */; };
		F90B18871D07C12C0007706B /* UserTasksCellTableViewCell.swift in Sources */ = {isa = PBXBuildFile; fileRef = F90B18851D07C12C0007706B /* UserTasksCellTableViewCell.swift */; };
		F90B18881D07C12C0007706B /* UserTasksCellTableViewCell.xib in Resources */ = {isa = PBXBuildFile; fileRef = F90B18861D07C12C0007706B /* UserTasksCellTableViewCell.xib */; };
		F90B188E1D0E5E030007706B /* ArrayDataSource.swift in Sources */ = {isa = PBXBuildFile; fileRef = F90B188D1D0E5E030007706B /* ArrayDataSource.swift */; };
		F91A6E3B1D032DDC003FA436 /* DataLayer+FetchDataFunctions.swift in Sources */ = {isa = PBXBuildFile; fileRef = F91A6E3A1D032DDC003FA436 /* DataLayer+FetchDataFunctions.swift */; };
		F92A75151D05BC6300AC8A74 /* TasksViewController.swift in Sources */ = {isa = PBXBuildFile; fileRef = F92A75131D05BC6300AC8A74 /* TasksViewController.swift */; };
		F92A75191D0714E500AC8A74 /* UserDataSource.swift in Sources */ = {isa = PBXBuildFile; fileRef = F92A75181D0714E500AC8A74 /* UserDataSource.swift */; };
		F96593101CB2956C0031495E /* FontAwesome.otf in Resources */ = {isa = PBXBuildFile; fileRef = F965930F1CB2956C0031495E /* FontAwesome.otf */; };
		F96593151CB2AF340031495E /* M13Checkbox.m in Sources */ = {isa = PBXBuildFile; fileRef = F96593141CB2AF340031495E /* M13Checkbox.m */; };
		F9678B051CFDE0EB0071AF24 /* Standup.xcdatamodeld in Sources */ = {isa = PBXBuildFile; fileRef = F9678B031CFDE0EB0071AF24 /* Standup.xcdatamodeld */; };
		F9678B0C1CFDE9660071AF24 /* User+CoreDataProperties.swift in Sources */ = {isa = PBXBuildFile; fileRef = F9678B061CFDE9660071AF24 /* User+CoreDataProperties.swift */; };
		F9678B0D1CFDE9660071AF24 /* User.swift in Sources */ = {isa = PBXBuildFile; fileRef = F9678B071CFDE9660071AF24 /* User.swift */; };
		F9678B0E1CFDE9660071AF24 /* Project+CoreDataProperties.swift in Sources */ = {isa = PBXBuildFile; fileRef = F9678B081CFDE9660071AF24 /* Project+CoreDataProperties.swift */; };
		F9678B0F1CFDE9660071AF24 /* Project.swift in Sources */ = {isa = PBXBuildFile; fileRef = F9678B091CFDE9660071AF24 /* Project.swift */; };
		F9678B101CFDE9660071AF24 /* Task+CoreDataProperties.swift in Sources */ = {isa = PBXBuildFile; fileRef = F9678B0A1CFDE9660071AF24 /* Task+CoreDataProperties.swift */; };
		F9678B111CFDE9660071AF24 /* Task.swift in Sources */ = {isa = PBXBuildFile; fileRef = F9678B0B1CFDE9660071AF24 /* Task.swift */; };
		F9678B131CFDE98F0071AF24 /* DataLayer.swift in Sources */ = {isa = PBXBuildFile; fileRef = F9678B121CFDE98F0071AF24 /* DataLayer.swift */; };
		F9891F401D0E709D00DF8C8B /* CellConfigurable.swift in Sources */ = {isa = PBXBuildFile; fileRef = F9891F3F1D0E709D00DF8C8B /* CellConfigurable.swift */; };
		F9891F431D0EA90600DF8C8B /* TaskCell.swift in Sources */ = {isa = PBXBuildFile; fileRef = F9891F411D0EA90600DF8C8B /* TaskCell.swift */; };
		F9891F441D0EA90600DF8C8B /* TaskCell.xib in Resources */ = {isa = PBXBuildFile; fileRef = F9891F421D0EA90600DF8C8B /* TaskCell.xib */; };
		F9891F491D0F99F200DF8C8B /* UserTasksTableDelegate.swift in Sources */ = {isa = PBXBuildFile; fileRef = F9891F481D0F99F200DF8C8B /* UserTasksTableDelegate.swift */; };
		F9A664A31C720E7B00DC7B59 /* AppDelegate.swift in Sources */ = {isa = PBXBuildFile; fileRef = F9A664A21C720E7B00DC7B59 /* AppDelegate.swift */; };
		F9A664AA1C720E7B00DC7B59 /* Assets.xcassets in Resources */ = {isa = PBXBuildFile; fileRef = F9A664A91C720E7B00DC7B59 /* Assets.xcassets */; };
		F9A664B81C720E7B00DC7B59 /* Standup_iosTests.swift in Sources */ = {isa = PBXBuildFile; fileRef = F9A664B71C720E7B00DC7B59 /* Standup_iosTests.swift */; };
		F9A664C31C720E7B00DC7B59 /* Standup_iosUITests.swift in Sources */ = {isa = PBXBuildFile; fileRef = F9A664C21C720E7B00DC7B59 /* Standup_iosUITests.swift */; };
		F9A704BA1CB283B100934B8E /* NSString+FontAwesome.m in Sources */ = {isa = PBXBuildFile; fileRef = F9A704B81CB283B100934B8E /* NSString+FontAwesome.m */; };
		F9FDB1961C9847AD005E6E7C /* UITextView+Placeholder.m in Sources */ = {isa = PBXBuildFile; fileRef = F9FDB1941C9847AD005E6E7C /* UITextView+Placeholder.m */; };
/* End PBXBuildFile section */

/* Begin PBXContainerItemProxy section */
		F9A664B41C720E7B00DC7B59 /* PBXContainerItemProxy */ = {
			isa = PBXContainerItemProxy;
			containerPortal = F9A664971C720E7B00DC7B59 /* Project object */;
			proxyType = 1;
			remoteGlobalIDString = F9A6649E1C720E7B00DC7B59;
			remoteInfo = Standup.ios;
		};
		F9A664BF1C720E7B00DC7B59 /* PBXContainerItemProxy */ = {
			isa = PBXContainerItemProxy;
			containerPortal = F9A664971C720E7B00DC7B59 /* Project object */;
			proxyType = 1;
			remoteGlobalIDString = F9A6649E1C720E7B00DC7B59;
			remoteInfo = Standup.ios;
		};
/* End PBXContainerItemProxy section */

/* Begin PBXFileReference section */
		1969D71F7870DE3D341A6669 /* Pods_Standup_iosTests.framework */ = {isa = PBXFileReference; explicitFileType = wrapper.framework; includeInIndex = 0; path = Pods_Standup_iosTests.framework; sourceTree = BUILT_PRODUCTS_DIR; };
		30E779456D7D1F577763F562 /* Pods-Standup.iosUITests.debug.xcconfig */ = {isa = PBXFileReference; includeInIndex = 1; lastKnownFileType = text.xcconfig; name = "Pods-Standup.iosUITests.debug.xcconfig"; path = "Pods/Target Support Files/Pods-Standup.iosUITests/Pods-Standup.iosUITests.debug.xcconfig"; sourceTree = "<group>"; };
		49DE257FD013001FE3E43596 /* Pods-Standup.iosTests.debug.xcconfig */ = {isa = PBXFileReference; includeInIndex = 1; lastKnownFileType = text.xcconfig; name = "Pods-Standup.iosTests.debug.xcconfig"; path = "Pods/Target Support Files/Pods-Standup.iosTests/Pods-Standup.iosTests.debug.xcconfig"; sourceTree = "<group>"; };
		5A6CB9DA71CB738DAFE747FF /* Pods-Standup.iosTests.release.xcconfig */ = {isa = PBXFileReference; includeInIndex = 1; lastKnownFileType = text.xcconfig; name = "Pods-Standup.iosTests.release.xcconfig"; path = "Pods/Target Support Files/Pods-Standup.iosTests/Pods-Standup.iosTests.release.xcconfig"; sourceTree = "<group>"; };
		62D792F2AF9965600769A92D /* Pods-Standup.ios.release.xcconfig */ = {isa = PBXFileReference; includeInIndex = 1; lastKnownFileType = text.xcconfig; name = "Pods-Standup.ios.release.xcconfig"; path = "Pods/Target Support Files/Pods-Standup.ios/Pods-Standup.ios.release.xcconfig"; sourceTree = "<group>"; };
		681090AC32F2ED6FC9E9EF05 /* Pods_Standup_ios.framework */ = {isa = PBXFileReference; explicitFileType = wrapper.framework; includeInIndex = 0; path = Pods_Standup_ios.framework; sourceTree = BUILT_PRODUCTS_DIR; };
		7531D1C2CD31126021079311 /* Pods-Standup.ios.debug.xcconfig */ = {isa = PBXFileReference; includeInIndex = 1; lastKnownFileType = text.xcconfig; name = "Pods-Standup.ios.debug.xcconfig"; path = "Pods/Target Support Files/Pods-Standup.ios/Pods-Standup.ios.debug.xcconfig"; sourceTree = "<group>"; };
		84738A9842B7A9E235CD0E47 /* Pods.framework */ = {isa = PBXFileReference; explicitFileType = wrapper.framework; includeInIndex = 0; path = Pods.framework; sourceTree = BUILT_PRODUCTS_DIR; };
		86B897F5B5FFE21AFC06F79F /* Pods-Standup.iosUITests.release.xcconfig */ = {isa = PBXFileReference; includeInIndex = 1; lastKnownFileType = text.xcconfig; name = "Pods-Standup.iosUITests.release.xcconfig"; path = "Pods/Target Support Files/Pods-Standup.iosUITests/Pods-Standup.iosUITests.release.xcconfig"; sourceTree = "<group>"; };
		F389E3D2EEFC45E648ED934D /* Pods_Standup_iosUITests.framework */ = {isa = PBXFileReference; explicitFileType = wrapper.framework; includeInIndex = 0; path = Pods_Standup_iosUITests.framework; sourceTree = BUILT_PRODUCTS_DIR; };
		F90B18851D07C12C0007706B /* UserTasksCellTableViewCell.swift */ = {isa = PBXFileReference; fileEncoding = 4; lastKnownFileType = sourcecode.swift; path = UserTasksCellTableViewCell.swift; sourceTree = "<group>"; };
		F90B18861D07C12C0007706B /* UserTasksCellTableViewCell.xib */ = {isa = PBXFileReference; fileEncoding = 4; lastKnownFileType = file.xib; path = UserTasksCellTableViewCell.xib; sourceTree = "<group>"; };
		F90B188D1D0E5E030007706B /* ArrayDataSource.swift */ = {isa = PBXFileReference; fileEncoding = 4; lastKnownFileType = sourcecode.swift; path = ArrayDataSource.swift; sourceTree = "<group>"; };
		F91682751C9843FB00DF681E /* Standup.ios-Bridging-Header.h */ = {isa = PBXFileReference; lastKnownFileType = sourcecode.c.h; path = "Standup.ios-Bridging-Header.h"; sourceTree = "<group>"; };
		F91A6E3A1D032DDC003FA436 /* DataLayer+FetchDataFunctions.swift */ = {isa = PBXFileReference; fileEncoding = 4; lastKnownFileType = sourcecode.swift; path = "DataLayer+FetchDataFunctions.swift"; sourceTree = "<group>"; };
		F92A75131D05BC6300AC8A74 /* TasksViewController.swift */ = {isa = PBXFileReference; fileEncoding = 4; lastKnownFileType = sourcecode.swift; path = TasksViewController.swift; sourceTree = "<group>"; };
		F92A75181D0714E500AC8A74 /* UserDataSource.swift */ = {isa = PBXFileReference; fileEncoding = 4; lastKnownFileType = sourcecode.swift; path = UserDataSource.swift; sourceTree = "<group>"; };
		F965930F1CB2956C0031495E /* FontAwesome.otf */ = {isa = PBXFileReference; lastKnownFileType = file; path = FontAwesome.otf; sourceTree = "<group>"; };
		F96593131CB2AF340031495E /* M13Checkbox.h */ = {isa = PBXFileReference; fileEncoding = 4; lastKnownFileType = sourcecode.c.h; path = M13Checkbox.h; sourceTree = "<group>"; };
		F96593141CB2AF340031495E /* M13Checkbox.m */ = {isa = PBXFileReference; fileEncoding = 4; lastKnownFileType = sourcecode.c.objc; path = M13Checkbox.m; sourceTree = "<group>"; };
		F9678B041CFDE0EB0071AF24 /* Standup.xcdatamodel */ = {isa = PBXFileReference; lastKnownFileType = wrapper.xcdatamodel; path = Standup.xcdatamodel; sourceTree = "<group>"; };
		F9678B061CFDE9660071AF24 /* User+CoreDataProperties.swift */ = {isa = PBXFileReference; fileEncoding = 4; lastKnownFileType = sourcecode.swift; path = "User+CoreDataProperties.swift"; sourceTree = "<group>"; };
		F9678B071CFDE9660071AF24 /* User.swift */ = {isa = PBXFileReference; fileEncoding = 4; lastKnownFileType = sourcecode.swift; path = User.swift; sourceTree = "<group>"; };
		F9678B081CFDE9660071AF24 /* Project+CoreDataProperties.swift */ = {isa = PBXFileReference; fileEncoding = 4; lastKnownFileType = sourcecode.swift; path = "Project+CoreDataProperties.swift"; sourceTree = "<group>"; };
		F9678B091CFDE9660071AF24 /* Project.swift */ = {isa = PBXFileReference; fileEncoding = 4; lastKnownFileType = sourcecode.swift; path = Project.swift; sourceTree = "<group>"; };
		F9678B0A1CFDE9660071AF24 /* Task+CoreDataProperties.swift */ = {isa = PBXFileReference; fileEncoding = 4; lastKnownFileType = sourcecode.swift; path = "Task+CoreDataProperties.swift"; sourceTree = "<group>"; };
		F9678B0B1CFDE9660071AF24 /* Task.swift */ = {isa = PBXFileReference; fileEncoding = 4; lastKnownFileType = sourcecode.swift; path = Task.swift; sourceTree = "<group>"; };
		F9678B121CFDE98F0071AF24 /* DataLayer.swift */ = {isa = PBXFileReference; fileEncoding = 4; lastKnownFileType = sourcecode.swift; path = DataLayer.swift; sourceTree = "<group>"; };
		F9891F3F1D0E709D00DF8C8B /* CellConfigurable.swift */ = {isa = PBXFileReference; fileEncoding = 4; lastKnownFileType = sourcecode.swift; path = CellConfigurable.swift; sourceTree = "<group>"; };
		F9891F411D0EA90600DF8C8B /* TaskCell.swift */ = {isa = PBXFileReference; fileEncoding = 4; lastKnownFileType = sourcecode.swift; path = TaskCell.swift; sourceTree = "<group>"; };
		F9891F421D0EA90600DF8C8B /* TaskCell.xib */ = {isa = PBXFileReference; fileEncoding = 4; lastKnownFileType = file.xib; path = TaskCell.xib; sourceTree = "<group>"; };
		F9891F481D0F99F200DF8C8B /* UserTasksTableDelegate.swift */ = {isa = PBXFileReference; fileEncoding = 4; lastKnownFileType = sourcecode.swift; name = UserTasksTableDelegate.swift; path = ../UserTasksTableDelegate.swift; sourceTree = "<group>"; };
		F9A6649F1C720E7B00DC7B59 /* Standup.ios.app */ = {isa = PBXFileReference; explicitFileType = wrapper.application; includeInIndex = 0; path = Standup.ios.app; sourceTree = BUILT_PRODUCTS_DIR; };
		F9A664A21C720E7B00DC7B59 /* AppDelegate.swift */ = {isa = PBXFileReference; lastKnownFileType = sourcecode.swift; path = AppDelegate.swift; sourceTree = "<group>"; };
		F9A664A91C720E7B00DC7B59 /* Assets.xcassets */ = {isa = PBXFileReference; lastKnownFileType = folder.assetcatalog; path = Assets.xcassets; sourceTree = "<group>"; };
		F9A664AE1C720E7B00DC7B59 /* Info.plist */ = {isa = PBXFileReference; lastKnownFileType = text.plist.xml; path = Info.plist; sourceTree = "<group>"; };
		F9A664B31C720E7B00DC7B59 /* Standup.iosTests.xctest */ = {isa = PBXFileReference; explicitFileType = wrapper.cfbundle; includeInIndex = 0; path = Standup.iosTests.xctest; sourceTree = BUILT_PRODUCTS_DIR; };
		F9A664B71C720E7B00DC7B59 /* Standup_iosTests.swift */ = {isa = PBXFileReference; lastKnownFileType = sourcecode.swift; path = Standup_iosTests.swift; sourceTree = "<group>"; };
		F9A664B91C720E7B00DC7B59 /* Info.plist */ = {isa = PBXFileReference; lastKnownFileType = text.plist.xml; path = Info.plist; sourceTree = "<group>"; };
		F9A664BE1C720E7B00DC7B59 /* Standup.iosUITests.xctest */ = {isa = PBXFileReference; explicitFileType = wrapper.cfbundle; includeInIndex = 0; path = Standup.iosUITests.xctest; sourceTree = BUILT_PRODUCTS_DIR; };
		F9A664C21C720E7B00DC7B59 /* Standup_iosUITests.swift */ = {isa = PBXFileReference; lastKnownFileType = sourcecode.swift; path = Standup_iosUITests.swift; sourceTree = "<group>"; };
		F9A664C41C720E7B00DC7B59 /* Info.plist */ = {isa = PBXFileReference; lastKnownFileType = text.plist.xml; path = Info.plist; sourceTree = "<group>"; };
		F9A704B81CB283B100934B8E /* NSString+FontAwesome.m */ = {isa = PBXFileReference; fileEncoding = 4; lastKnownFileType = sourcecode.c.objc; path = "NSString+FontAwesome.m"; sourceTree = "<group>"; };
		F9A704B91CB283B100934B8E /* NSString+FontAwesome.h */ = {isa = PBXFileReference; fileEncoding = 4; lastKnownFileType = sourcecode.c.h; path = "NSString+FontAwesome.h"; sourceTree = "<group>"; };
		F9FDB1941C9847AD005E6E7C /* UITextView+Placeholder.m */ = {isa = PBXFileReference; fileEncoding = 4; lastKnownFileType = sourcecode.c.objc; path = "UITextView+Placeholder.m"; sourceTree = "<group>"; };
		F9FDB1951C9847AD005E6E7C /* UITextView+Placeholder.h */ = {isa = PBXFileReference; fileEncoding = 4; lastKnownFileType = sourcecode.c.h; path = "UITextView+Placeholder.h"; sourceTree = "<group>"; };
/* End PBXFileReference section */

/* Begin PBXFrameworksBuildPhase section */
		F9A6649C1C720E7B00DC7B59 /* Frameworks */ = {
			isa = PBXFrameworksBuildPhase;
			buildActionMask = 2147483647;
			files = (
				DB914DDA04CFDD9B39D2E35D /* Pods_Standup_ios.framework in Frameworks */,
			);
			runOnlyForDeploymentPostprocessing = 0;
		};
		F9A664B01C720E7B00DC7B59 /* Frameworks */ = {
			isa = PBXFrameworksBuildPhase;
			buildActionMask = 2147483647;
			files = (
				0C39DFA0E84862CC60FFC553 /* Pods_Standup_iosTests.framework in Frameworks */,
			);
			runOnlyForDeploymentPostprocessing = 0;
		};
		F9A664BB1C720E7B00DC7B59 /* Frameworks */ = {
			isa = PBXFrameworksBuildPhase;
			buildActionMask = 2147483647;
			files = (
				AD210501CA3259ADFA997F91 /* Pods_Standup_iosUITests.framework in Frameworks */,
			);
			runOnlyForDeploymentPostprocessing = 0;
		};
/* End PBXFrameworksBuildPhase section */

/* Begin PBXGroup section */
		641845099F223441073F709A /* Pods */ = {
			isa = PBXGroup;
			children = (
				7531D1C2CD31126021079311 /* Pods-Standup.ios.debug.xcconfig */,
				62D792F2AF9965600769A92D /* Pods-Standup.ios.release.xcconfig */,
				49DE257FD013001FE3E43596 /* Pods-Standup.iosTests.debug.xcconfig */,
				5A6CB9DA71CB738DAFE747FF /* Pods-Standup.iosTests.release.xcconfig */,
				30E779456D7D1F577763F562 /* Pods-Standup.iosUITests.debug.xcconfig */,
				86B897F5B5FFE21AFC06F79F /* Pods-Standup.iosUITests.release.xcconfig */,
			);
			name = Pods;
			sourceTree = "<group>";
		};
		9329A9CDBE66073B587A7F1B /* Frameworks */ = {
			isa = PBXGroup;
			children = (
				84738A9842B7A9E235CD0E47 /* Pods.framework */,
				681090AC32F2ED6FC9E9EF05 /* Pods_Standup_ios.framework */,
				1969D71F7870DE3D341A6669 /* Pods_Standup_iosTests.framework */,
				F389E3D2EEFC45E648ED934D /* Pods_Standup_iosUITests.framework */,
			);
			name = Frameworks;
			sourceTree = "<group>";
		};
		F91682741C98438800DF681E /* lib */ = {
			isa = PBXGroup;
			children = (
				F96593131CB2AF340031495E /* M13Checkbox.h */,
				F96593141CB2AF340031495E /* M13Checkbox.m */,
				F9A704B81CB283B100934B8E /* NSString+FontAwesome.m */,
				F9A704B91CB283B100934B8E /* NSString+FontAwesome.h */,
				F9FDB1941C9847AD005E6E7C /* UITextView+Placeholder.m */,
				F9FDB1951C9847AD005E6E7C /* UITextView+Placeholder.h */,
				F91682751C9843FB00DF681E /* Standup.ios-Bridging-Header.h */,
			);
			name = lib;
			sourceTree = "<group>";
		};
		F91A6E391D032D9D003FA436 /* DDP */ = {
			isa = PBXGroup;
			children = (
				F9678B121CFDE98F0071AF24 /* DataLayer.swift */,
				F91A6E3A1D032DDC003FA436 /* DataLayer+FetchDataFunctions.swift */,
			);
			name = DDP;
			sourceTree = "<group>";
		};
		F92A75171D0714A900AC8A74 /* datas_source */ = {
			isa = PBXGroup;
			children = (
				F92A75181D0714E500AC8A74 /* UserDataSource.swift */,
				F90B188D1D0E5E030007706B /* ArrayDataSource.swift */,
			);
			name = datas_source;
			sourceTree = "<group>";
		};
		F9891F3E1D0E705F00DF8C8B /* protocol */ = {
			isa = PBXGroup;
			children = (
				F9891F3F1D0E709D00DF8C8B /* CellConfigurable.swift */,
			);
			name = protocol;
			sourceTree = "<group>";
		};
		F9891F451D0F97AA00DF8C8B /* delegate */ = {
			isa = PBXGroup;
			children = (
				F9891F481D0F99F200DF8C8B /* UserTasksTableDelegate.swift */,
			);
			name = delegate;
			sourceTree = "<group>";
		};
		F9A664961C720E7B00DC7B59 = {
			isa = PBXGroup;
			children = (
				F9A664A11C720E7B00DC7B59 /* Standup.ios */,
				F9A664B61C720E7B00DC7B59 /* Standup.iosTests */,
				F9A664C11C720E7B00DC7B59 /* Standup.iosUITests */,
				F9A664A01C720E7B00DC7B59 /* Products */,
				9329A9CDBE66073B587A7F1B /* Frameworks */,
				641845099F223441073F709A /* Pods */,
			);
			sourceTree = "<group>";
		};
		F9A664A01C720E7B00DC7B59 /* Products */ = {
			isa = PBXGroup;
			children = (
				F9A6649F1C720E7B00DC7B59 /* Standup.ios.app */,
				F9A664B31C720E7B00DC7B59 /* Standup.iosTests.xctest */,
				F9A664BE1C720E7B00DC7B59 /* Standup.iosUITests.xctest */,
			);
			name = Products;
			sourceTree = "<group>";
		};
		F9A664A11C720E7B00DC7B59 /* Standup.ios */ = {
			isa = PBXGroup;
			children = (
				F9891F451D0F97AA00DF8C8B /* delegate */,
				F9891F3E1D0E705F00DF8C8B /* protocol */,
				F92A75171D0714A900AC8A74 /* datas_source */,
				F91A6E391D032D9D003FA436 /* DDP */,
				F9A704B51CB2762200934B8E /* resources */,
				F91682741C98438800DF681E /* lib */,
				F9A664EA1C79FCFA00DC7B59 /* models */,
				F9A664DF1C74CB6400DC7B59 /* controllers */,
				F9A664DE1C74CB5B00DC7B59 /* views */,
				F9A664A21C720E7B00DC7B59 /* AppDelegate.swift */,
				F9A664A91C720E7B00DC7B59 /* Assets.xcassets */,
				F9A664AE1C720E7B00DC7B59 /* Info.plist */,
			);
			path = Standup.ios;
			sourceTree = "<group>";
		};
		F9A664B61C720E7B00DC7B59 /* Standup.iosTests */ = {
			isa = PBXGroup;
			children = (
				F9A664B71C720E7B00DC7B59 /* Standup_iosTests.swift */,
				F9A664B91C720E7B00DC7B59 /* Info.plist */,
			);
			path = Standup.iosTests;
			sourceTree = "<group>";
		};
		F9A664C11C720E7B00DC7B59 /* Standup.iosUITests */ = {
			isa = PBXGroup;
			children = (
				F9A664C21C720E7B00DC7B59 /* Standup_iosUITests.swift */,
				F9A664C41C720E7B00DC7B59 /* Info.plist */,
			);
			path = Standup.iosUITests;
			sourceTree = "<group>";
		};
		F9A664DE1C74CB5B00DC7B59 /* views */ = {
			isa = PBXGroup;
			children = (
				F90B18851D07C12C0007706B /* UserTasksCellTableViewCell.swift */,
				F90B18861D07C12C0007706B /* UserTasksCellTableViewCell.xib */,
				F9891F411D0EA90600DF8C8B /* TaskCell.swift */,
				F9891F421D0EA90600DF8C8B /* TaskCell.xib */,
			);
			name = views;
			sourceTree = "<group>";
		};
		F9A664DF1C74CB6400DC7B59 /* controllers */ = {
			isa = PBXGroup;
			children = (
				F92A75131D05BC6300AC8A74 /* TasksViewController.swift */,
			);
			name = controllers;
			sourceTree = "<group>";
		};
		F9A664EA1C79FCFA00DC7B59 /* models */ = {
			isa = PBXGroup;
			children = (
				F9678B031CFDE0EB0071AF24 /* Standup.xcdatamodeld */,
				F9678B061CFDE9660071AF24 /* User+CoreDataProperties.swift */,
				F9678B071CFDE9660071AF24 /* User.swift */,
				F9678B081CFDE9660071AF24 /* Project+CoreDataProperties.swift */,
				F9678B091CFDE9660071AF24 /* Project.swift */,
				F9678B0A1CFDE9660071AF24 /* Task+CoreDataProperties.swift */,
				F9678B0B1CFDE9660071AF24 /* Task.swift */,
			);
			name = models;
			sourceTree = "<group>";
		};
		F9A704B51CB2762200934B8E /* resources */ = {
			isa = PBXGroup;
			children = (
				F965930F1CB2956C0031495E /* FontAwesome.otf */,
			);
			name = resources;
			sourceTree = "<group>";
		};
/* End PBXGroup section */

/* Begin PBXNativeTarget section */
		F9A6649E1C720E7B00DC7B59 /* Standup.ios */ = {
			isa = PBXNativeTarget;
			buildConfigurationList = F9A664C71C720E7B00DC7B59 /* Build configuration list for PBXNativeTarget "Standup.ios" */;
			buildPhases = (
				758C2FF759EB21AE67F435AF /* [CP] Check Pods Manifest.lock */,
				F9A6649B1C720E7B00DC7B59 /* Sources */,
				F9A6649C1C720E7B00DC7B59 /* Frameworks */,
				F9A6649D1C720E7B00DC7B59 /* Resources */,
				6DA57D9C31304CBAC95C7042 /* [CP] Embed Pods Frameworks */,
				B3B8518A3239B84F4EA98BC8 /* [CP] Copy Pods Resources */,
			);
			buildRules = (
			);
			dependencies = (
			);
			name = Standup.ios;
			productName = Standup.ios;
			productReference = F9A6649F1C720E7B00DC7B59 /* Standup.ios.app */;
			productType = "com.apple.product-type.application";
		};
		F9A664B21C720E7B00DC7B59 /* Standup.iosTests */ = {
			isa = PBXNativeTarget;
			buildConfigurationList = F9A664CA1C720E7B00DC7B59 /* Build configuration list for PBXNativeTarget "Standup.iosTests" */;
			buildPhases = (
				770E8F652943A9CE130621B6 /* [CP] Check Pods Manifest.lock */,
				F9A664AF1C720E7B00DC7B59 /* Sources */,
				F9A664B01C720E7B00DC7B59 /* Frameworks */,
				F9A664B11C720E7B00DC7B59 /* Resources */,
				C4358E8FDD01ED733626268F /* [CP] Embed Pods Frameworks */,
				CC72BD223725CB20E22A6330 /* [CP] Copy Pods Resources */,
			);
			buildRules = (
			);
			dependencies = (
				F9A664B51C720E7B00DC7B59 /* PBXTargetDependency */,
			);
			name = Standup.iosTests;
			productName = Standup.iosTests;
			productReference = F9A664B31C720E7B00DC7B59 /* Standup.iosTests.xctest */;
			productType = "com.apple.product-type.bundle.unit-test";
		};
		F9A664BD1C720E7B00DC7B59 /* Standup.iosUITests */ = {
			isa = PBXNativeTarget;
			buildConfigurationList = F9A664CD1C720E7B00DC7B59 /* Build configuration list for PBXNativeTarget "Standup.iosUITests" */;
			buildPhases = (
				BABD89ED49BBC72EFDD3380F /* [CP] Check Pods Manifest.lock */,
				F9A664BA1C720E7B00DC7B59 /* Sources */,
				F9A664BB1C720E7B00DC7B59 /* Frameworks */,
				F9A664BC1C720E7B00DC7B59 /* Resources */,
				6D46869FA51F5099465CC5D3 /* [CP] Copy Pods Resources */,
			);
			buildRules = (
			);
			dependencies = (
				F9A664C01C720E7B00DC7B59 /* PBXTargetDependency */,
			);
			name = Standup.iosUITests;
			productName = Standup.iosUITests;
			productReference = F9A664BE1C720E7B00DC7B59 /* Standup.iosUITests.xctest */;
			productType = "com.apple.product-type.bundle.ui-testing";
		};
/* End PBXNativeTarget section */

/* Begin PBXProject section */
		F9A664971C720E7B00DC7B59 /* Project object */ = {
			isa = PBXProject;
			attributes = {
				LastSwiftUpdateCheck = 0720;
				LastUpgradeCheck = 0720;
				ORGANIZATIONNAME = julien;
				TargetAttributes = {
					F9A6649E1C720E7B00DC7B59 = {
						CreatedOnToolsVersion = 7.2.1;
						DevelopmentTeam = 7RBX3E5287;
					};
					F9A664B21C720E7B00DC7B59 = {
						CreatedOnToolsVersion = 7.2.1;
						TestTargetID = F9A6649E1C720E7B00DC7B59;
					};
					F9A664BD1C720E7B00DC7B59 = {
						CreatedOnToolsVersion = 7.2.1;
						TestTargetID = F9A6649E1C720E7B00DC7B59;
					};
				};
			};
			buildConfigurationList = F9A6649A1C720E7B00DC7B59 /* Build configuration list for PBXProject "Standup.ios" */;
			compatibilityVersion = "Xcode 3.2";
			developmentRegion = English;
			hasScannedForEncodings = 0;
			knownRegions = (
				en,
				Base,
			);
			mainGroup = F9A664961C720E7B00DC7B59;
			productRefGroup = F9A664A01C720E7B00DC7B59 /* Products */;
			projectDirPath = "";
			projectRoot = "";
			targets = (
				F9A6649E1C720E7B00DC7B59 /* Standup.ios */,
				F9A664B21C720E7B00DC7B59 /* Standup.iosTests */,
				F9A664BD1C720E7B00DC7B59 /* Standup.iosUITests */,
			);
		};
/* End PBXProject section */

/* Begin PBXResourcesBuildPhase section */
		F9A6649D1C720E7B00DC7B59 /* Resources */ = {
			isa = PBXResourcesBuildPhase;
			buildActionMask = 2147483647;
			files = (
				F9891F441D0EA90600DF8C8B /* TaskCell.xib in Resources */,
				F96593101CB2956C0031495E /* FontAwesome.otf in Resources */,
				F90B18881D07C12C0007706B /* UserTasksCellTableViewCell.xib in Resources */,
				F9A664AA1C720E7B00DC7B59 /* Assets.xcassets in Resources */,
			);
			runOnlyForDeploymentPostprocessing = 0;
		};
		F9A664B11C720E7B00DC7B59 /* Resources */ = {
			isa = PBXResourcesBuildPhase;
			buildActionMask = 2147483647;
			files = (
			);
			runOnlyForDeploymentPostprocessing = 0;
		};
		F9A664BC1C720E7B00DC7B59 /* Resources */ = {
			isa = PBXResourcesBuildPhase;
			buildActionMask = 2147483647;
			files = (
			);
			runOnlyForDeploymentPostprocessing = 0;
		};
/* End PBXResourcesBuildPhase section */

/* Begin PBXShellScriptBuildPhase section */
		6D46869FA51F5099465CC5D3 /* [CP] Copy Pods Resources */ = {
			isa = PBXShellScriptBuildPhase;
			buildActionMask = 2147483647;
			files = (
			);
			inputPaths = (
			);
			name = "[CP] Copy Pods Resources";
			outputPaths = (
			);
			runOnlyForDeploymentPostprocessing = 0;
			shellPath = /bin/sh;
			shellScript = "\"${SRCROOT}/Pods/Target Support Files/Pods-Standup.iosUITests/Pods-Standup.iosUITests-resources.sh\"\n";
			showEnvVarsInLog = 0;
		};
		6DA57D9C31304CBAC95C7042 /* [CP] Embed Pods Frameworks */ = {
			isa = PBXShellScriptBuildPhase;
			buildActionMask = 2147483647;
			files = (
			);
			inputPaths = (
			);
			name = "[CP] Embed Pods Frameworks";
			outputPaths = (
			);
			runOnlyForDeploymentPostprocessing = 0;
			shellPath = /bin/sh;
			shellScript = "\"${SRCROOT}/Pods/Target Support Files/Pods-Standup.ios/Pods-Standup.ios-frameworks.sh\"\n";
			showEnvVarsInLog = 0;
		};
		758C2FF759EB21AE67F435AF /* [CP] Check Pods Manifest.lock */ = {
			isa = PBXShellScriptBuildPhase;
			buildActionMask = 2147483647;
			files = (
			);
			inputPaths = (
			);
			name = "[CP] Check Pods Manifest.lock";
			outputPaths = (
			);
			runOnlyForDeploymentPostprocessing = 0;
			shellPath = /bin/sh;
			shellScript = "diff \"${PODS_ROOT}/../Podfile.lock\" \"${PODS_ROOT}/Manifest.lock\" > /dev/null\nif [[ $? != 0 ]] ; then\n    cat << EOM\nerror: The sandbox is not in sync with the Podfile.lock. Run 'pod install' or update your CocoaPods installation.\nEOM\n    exit 1\nfi\n";
			showEnvVarsInLog = 0;
		};
		770E8F652943A9CE130621B6 /* [CP] Check Pods Manifest.lock */ = {
			isa = PBXShellScriptBuildPhase;
			buildActionMask = 2147483647;
			files = (
			);
			inputPaths = (
			);
			name = "[CP] Check Pods Manifest.lock";
			outputPaths = (
			);
			runOnlyForDeploymentPostprocessing = 0;
			shellPath = /bin/sh;
			shellScript = "diff \"${PODS_ROOT}/../Podfile.lock\" \"${PODS_ROOT}/Manifest.lock\" > /dev/null\nif [[ $? != 0 ]] ; then\n    cat << EOM\nerror: The sandbox is not in sync with the Podfile.lock. Run 'pod install' or update your CocoaPods installation.\nEOM\n    exit 1\nfi\n";
			showEnvVarsInLog = 0;
		};
		B3B8518A3239B84F4EA98BC8 /* [CP] Copy Pods Resources */ = {
			isa = PBXShellScriptBuildPhase;
			buildActionMask = 2147483647;
			files = (
			);
			inputPaths = (
			);
			name = "[CP] Copy Pods Resources";
			outputPaths = (
			);
			runOnlyForDeploymentPostprocessing = 0;
			shellPath = /bin/sh;
			shellScript = "\"${SRCROOT}/Pods/Target Support Files/Pods-Standup.ios/Pods-Standup.ios-resources.sh\"\n";
			showEnvVarsInLog = 0;
		};
		BABD89ED49BBC72EFDD3380F /* [CP] Check Pods Manifest.lock */ = {
			isa = PBXShellScriptBuildPhase;
			buildActionMask = 2147483647;
			files = (
			);
			inputPaths = (
			);
			name = "[CP] Check Pods Manifest.lock";
			outputPaths = (
			);
			runOnlyForDeploymentPostprocessing = 0;
			shellPath = /bin/sh;
			shellScript = "diff \"${PODS_ROOT}/../Podfile.lock\" \"${PODS_ROOT}/Manifest.lock\" > /dev/null\nif [[ $? != 0 ]] ; then\n    cat << EOM\nerror: The sandbox is not in sync with the Podfile.lock. Run 'pod install' or update your CocoaPods installation.\nEOM\n    exit 1\nfi\n";
			showEnvVarsInLog = 0;
		};
		C4358E8FDD01ED733626268F /* [CP] Embed Pods Frameworks */ = {
			isa = PBXShellScriptBuildPhase;
			buildActionMask = 2147483647;
			files = (
			);
			inputPaths = (
			);
			name = "[CP] Embed Pods Frameworks";
			outputPaths = (
			);
			runOnlyForDeploymentPostprocessing = 0;
			shellPath = /bin/sh;
			shellScript = "\"${SRCROOT}/Pods/Target Support Files/Pods-Standup.iosTests/Pods-Standup.iosTests-frameworks.sh\"\n";
			showEnvVarsInLog = 0;
		};
		CC72BD223725CB20E22A6330 /* [CP] Copy Pods Resources */ = {
			isa = PBXShellScriptBuildPhase;
			buildActionMask = 2147483647;
			files = (
			);
			inputPaths = (
			);
			name = "[CP] Copy Pods Resources";
			outputPaths = (
			);
			runOnlyForDeploymentPostprocessing = 0;
			shellPath = /bin/sh;
			shellScript = "\"${SRCROOT}/Pods/Target Support Files/Pods-Standup.iosTests/Pods-Standup.iosTests-resources.sh\"\n";
			showEnvVarsInLog = 0;
		};
/* End PBXShellScriptBuildPhase section */

/* Begin PBXSourcesBuildPhase section */
		F9A6649B1C720E7B00DC7B59 /* Sources */ = {
			isa = PBXSourcesBuildPhase;
			buildActionMask = 2147483647;
			files = (
				F9A664A31C720E7B00DC7B59 /* AppDelegate.swift in Sources */,
				F9678B131CFDE98F0071AF24 /* DataLayer.swift in Sources */,
				F9891F431D0EA90600DF8C8B /* TaskCell.swift in Sources */,
				F9A704BA1CB283B100934B8E /* NSString+FontAwesome.m in Sources */,
				F92A75151D05BC6300AC8A74 /* TasksViewController.swift in Sources */,
				F9891F401D0E709D00DF8C8B /* CellConfigurable.swift in Sources */,
				F90B188E1D0E5E030007706B /* ArrayDataSource.swift in Sources */,
				F9678B0E1CFDE9660071AF24 /* Project+CoreDataProperties.swift in Sources */,
				F9678B0C1CFDE9660071AF24 /* User+CoreDataProperties.swift in Sources */,
				F90B18871D07C12C0007706B /* UserTasksCellTableViewCell.swift in Sources */,
				F9678B111CFDE9660071AF24 /* Task.swift in Sources */,
				F96593151CB2AF340031495E /* M13Checkbox.m in Sources */,
				F9891F491D0F99F200DF8C8B /* UserTasksTableDelegate.swift in Sources */,
				F92A75191D0714E500AC8A74 /* UserDataSource.swift in Sources */,
				F9FDB1961C9847AD005E6E7C /* UITextView+Placeholder.m in Sources */,
				F9678B051CFDE0EB0071AF24 /* Standup.xcdatamodeld in Sources */,
				F9678B0D1CFDE9660071AF24 /* User.swift in Sources */,
				F9678B101CFDE9660071AF24 /* Task+CoreDataProperties.swift in Sources */,
				F9678B0F1CFDE9660071AF24 /* Project.swift in Sources */,
				F91A6E3B1D032DDC003FA436 /* DataLayer+FetchDataFunctions.swift in Sources */,
			);
			runOnlyForDeploymentPostprocessing = 0;
		};
		F9A664AF1C720E7B00DC7B59 /* Sources */ = {
			isa = PBXSourcesBuildPhase;
			buildActionMask = 2147483647;
			files = (
				F9A664B81C720E7B00DC7B59 /* Standup_iosTests.swift in Sources */,
			);
			runOnlyForDeploymentPostprocessing = 0;
		};
		F9A664BA1C720E7B00DC7B59 /* Sources */ = {
			isa = PBXSourcesBuildPhase;
			buildActionMask = 2147483647;
			files = (
				F9A664C31C720E7B00DC7B59 /* Standup_iosUITests.swift in Sources */,
			);
			runOnlyForDeploymentPostprocessing = 0;
		};
/* End PBXSourcesBuildPhase section */

/* Begin PBXTargetDependency section */
		F9A664B51C720E7B00DC7B59 /* PBXTargetDependency */ = {
			isa = PBXTargetDependency;
			target = F9A6649E1C720E7B00DC7B59 /* Standup.ios */;
			targetProxy = F9A664B41C720E7B00DC7B59 /* PBXContainerItemProxy */;
		};
		F9A664C01C720E7B00DC7B59 /* PBXTargetDependency */ = {
			isa = PBXTargetDependency;
			target = F9A6649E1C720E7B00DC7B59 /* Standup.ios */;
			targetProxy = F9A664BF1C720E7B00DC7B59 /* PBXContainerItemProxy */;
		};
/* End PBXTargetDependency section */

/* Begin XCBuildConfiguration section */
		F9A664C51C720E7B00DC7B59 /* Debug */ = {
			isa = XCBuildConfiguration;
			buildSettings = {
				ALWAYS_SEARCH_USER_PATHS = NO;
				CLANG_CXX_LANGUAGE_STANDARD = "gnu++0x";
				CLANG_CXX_LIBRARY = "libc++";
				CLANG_ENABLE_MODULES = YES;
				CLANG_ENABLE_OBJC_ARC = YES;
				CLANG_WARN_BOOL_CONVERSION = YES;
				CLANG_WARN_CONSTANT_CONVERSION = YES;
				CLANG_WARN_DIRECT_OBJC_ISA_USAGE = YES_ERROR;
				CLANG_WARN_EMPTY_BODY = YES;
				CLANG_WARN_ENUM_CONVERSION = YES;
				CLANG_WARN_INT_CONVERSION = YES;
				CLANG_WARN_OBJC_ROOT_CLASS = YES_ERROR;
				CLANG_WARN_UNREACHABLE_CODE = YES;
				CLANG_WARN__DUPLICATE_METHOD_MATCH = YES;
				CODE_SIGN_IDENTITY = "iPhone Developer";
				"CODE_SIGN_IDENTITY[sdk=iphoneos*]" = "iPhone Developer";
				COPY_PHASE_STRIP = NO;
				DEBUG_INFORMATION_FORMAT = dwarf;
				ENABLE_STRICT_OBJC_MSGSEND = YES;
				ENABLE_TESTABILITY = YES;
				GCC_C_LANGUAGE_STANDARD = gnu99;
				GCC_DYNAMIC_NO_PIC = NO;
				GCC_NO_COMMON_BLOCKS = YES;
				GCC_OPTIMIZATION_LEVEL = 0;
				GCC_PREPROCESSOR_DEFINITIONS = (
					"DEBUG=1",
					"$(inherited)",
				);
				GCC_WARN_64_TO_32_BIT_CONVERSION = YES;
				GCC_WARN_ABOUT_RETURN_TYPE = YES_ERROR;
				GCC_WARN_UNDECLARED_SELECTOR = YES;
				GCC_WARN_UNINITIALIZED_AUTOS = YES_AGGRESSIVE;
				GCC_WARN_UNUSED_FUNCTION = YES;
				GCC_WARN_UNUSED_VARIABLE = YES;
				IPHONEOS_DEPLOYMENT_TARGET = 8.0;
				MTL_ENABLE_DEBUG_INFO = YES;
				ONLY_ACTIVE_ARCH = YES;
				SDKROOT = iphoneos;
				SWIFT_OPTIMIZATION_LEVEL = "-Onone";
				TARGETED_DEVICE_FAMILY = "1,2";
			};
			name = Debug;
		};
		F9A664C61C720E7B00DC7B59 /* Release */ = {
			isa = XCBuildConfiguration;
			buildSettings = {
				ALWAYS_SEARCH_USER_PATHS = NO;
				CLANG_CXX_LANGUAGE_STANDARD = "gnu++0x";
				CLANG_CXX_LIBRARY = "libc++";
				CLANG_ENABLE_MODULES = YES;
				CLANG_ENABLE_OBJC_ARC = YES;
				CLANG_WARN_BOOL_CONVERSION = YES;
				CLANG_WARN_CONSTANT_CONVERSION = YES;
				CLANG_WARN_DIRECT_OBJC_ISA_USAGE = YES_ERROR;
				CLANG_WARN_EMPTY_BODY = YES;
				CLANG_WARN_ENUM_CONVERSION = YES;
				CLANG_WARN_INT_CONVERSION = YES;
				CLANG_WARN_OBJC_ROOT_CLASS = YES_ERROR;
				CLANG_WARN_UNREACHABLE_CODE = YES;
				CLANG_WARN__DUPLICATE_METHOD_MATCH = YES;
				CODE_SIGN_IDENTITY = "iPhone Distribution";
				"CODE_SIGN_IDENTITY[sdk=iphoneos*]" = "iPhone Distribution";
				COPY_PHASE_STRIP = NO;
				DEBUG_INFORMATION_FORMAT = "dwarf-with-dsym";
				ENABLE_NS_ASSERTIONS = NO;
				ENABLE_STRICT_OBJC_MSGSEND = YES;
				GCC_C_LANGUAGE_STANDARD = gnu99;
				GCC_NO_COMMON_BLOCKS = YES;
				GCC_WARN_64_TO_32_BIT_CONVERSION = YES;
				GCC_WARN_ABOUT_RETURN_TYPE = YES_ERROR;
				GCC_WARN_UNDECLARED_SELECTOR = YES;
				GCC_WARN_UNINITIALIZED_AUTOS = YES_AGGRESSIVE;
				GCC_WARN_UNUSED_FUNCTION = YES;
				GCC_WARN_UNUSED_VARIABLE = YES;
				IPHONEOS_DEPLOYMENT_TARGET = 8.0;
				MTL_ENABLE_DEBUG_INFO = NO;
				SDKROOT = iphoneos;
				TARGETED_DEVICE_FAMILY = "1,2";
				VALIDATE_PRODUCT = YES;
			};
			name = Release;
		};
		F9A664C81C720E7B00DC7B59 /* Debug */ = {
			isa = XCBuildConfiguration;
			baseConfigurationReference = 7531D1C2CD31126021079311 /* Pods-Standup.ios.debug.xcconfig */;
			buildSettings = {
				ASSETCATALOG_COMPILER_APPICON_NAME = AppIcon;
				CLANG_ENABLE_MODULES = YES;
				CODE_SIGN_IDENTITY = "iPhone Developer";
				"CODE_SIGN_IDENTITY[sdk=iphoneos*]" = "iPhone Developer";
				INFOPLIST_FILE = Standup.ios/Info.plist;
				LD_RUNPATH_SEARCH_PATHS = "$(inherited) @executable_path/Frameworks";
				PRODUCT_BUNDLE_IDENTIFIER = "individual.Standup-ios";
				PRODUCT_NAME = "$(TARGET_NAME)";
				PROVISIONING_PROFILE = "";
				SWIFT_OBJC_BRIDGING_HEADER = "Standup.ios/Standup.ios-Bridging-Header.h";
				SWIFT_OPTIMIZATION_LEVEL = "-Onone";
				TARGETED_DEVICE_FAMILY = 1;
			};
			name = Debug;
		};
		F9A664C91C720E7B00DC7B59 /* Release */ = {
			isa = XCBuildConfiguration;
			baseConfigurationReference = 62D792F2AF9965600769A92D /* Pods-Standup.ios.release.xcconfig */;
			buildSettings = {
				ASSETCATALOG_COMPILER_APPICON_NAME = AppIcon;
				CLANG_ENABLE_MODULES = YES;
				CODE_SIGN_IDENTITY = "iPhone Developer";
				"CODE_SIGN_IDENTITY[sdk=iphoneos*]" = "iPhone Developer";
				INFOPLIST_FILE = Standup.ios/Info.plist;
				LD_RUNPATH_SEARCH_PATHS = "$(inherited) @executable_path/Frameworks";
				PRODUCT_BUNDLE_IDENTIFIER = "individual.Standup-ios";
				PRODUCT_NAME = "$(TARGET_NAME)";
				PROVISIONING_PROFILE = "";
				SWIFT_OBJC_BRIDGING_HEADER = "Standup.ios/Standup.ios-Bridging-Header.h";
				TARGETED_DEVICE_FAMILY = 1;
			};
			name = Release;
		};
		F9A664CB1C720E7B00DC7B59 /* Debug */ = {
			isa = XCBuildConfiguration;
			baseConfigurationReference = 49DE257FD013001FE3E43596 /* Pods-Standup.iosTests.debug.xcconfig */;
			buildSettings = {
				BUNDLE_LOADER = "$(TEST_HOST)";
				INFOPLIST_FILE = Standup.iosTests/Info.plist;
				LD_RUNPATH_SEARCH_PATHS = "$(inherited) @executable_path/Frameworks @loader_path/Frameworks";
				PRODUCT_BUNDLE_IDENTIFIER = "Individual.Standup-iosTests";
				PRODUCT_NAME = "$(TARGET_NAME)";
				TEST_HOST = "$(BUILT_PRODUCTS_DIR)/Standup.ios.app/Standup.ios";
			};
			name = Debug;
		};
		F9A664CC1C720E7B00DC7B59 /* Release */ = {
			isa = XCBuildConfiguration;
			baseConfigurationReference = 5A6CB9DA71CB738DAFE747FF /* Pods-Standup.iosTests.release.xcconfig */;
			buildSettings = {
				BUNDLE_LOADER = "$(TEST_HOST)";
				INFOPLIST_FILE = Standup.iosTests/Info.plist;
				LD_RUNPATH_SEARCH_PATHS = "$(inherited) @executable_path/Frameworks @loader_path/Frameworks";
				PRODUCT_BUNDLE_IDENTIFIER = "Individual.Standup-iosTests";
				PRODUCT_NAME = "$(TARGET_NAME)";
				TEST_HOST = "$(BUILT_PRODUCTS_DIR)/Standup.ios.app/Standup.ios";
			};
			name = Release;
		};
		F9A664CE1C720E7B00DC7B59 /* Debug */ = {
			isa = XCBuildConfiguration;
			baseConfigurationReference = 30E779456D7D1F577763F562 /* Pods-Standup.iosUITests.debug.xcconfig */;
			buildSettings = {
				INFOPLIST_FILE = Standup.iosUITests/Info.plist;
				LD_RUNPATH_SEARCH_PATHS = "$(inherited) @executable_path/Frameworks @loader_path/Frameworks";
				PRODUCT_BUNDLE_IDENTIFIER = "Individual.Standup-iosUITests";
				PRODUCT_NAME = "$(TARGET_NAME)";
				TEST_TARGET_NAME = Standup.ios;
				USES_XCTRUNNER = YES;
			};
			name = Debug;
		};
		F9A664CF1C720E7B00DC7B59 /* Release */ = {
			isa = XCBuildConfiguration;
			baseConfigurationReference = 86B897F5B5FFE21AFC06F79F /* Pods-Standup.iosUITests.release.xcconfig */;
			buildSettings = {
				INFOPLIST_FILE = Standup.iosUITests/Info.plist;
				LD_RUNPATH_SEARCH_PATHS = "$(inherited) @executable_path/Frameworks @loader_path/Frameworks";
				PRODUCT_BUNDLE_IDENTIFIER = "Individual.Standup-iosUITests";
				PRODUCT_NAME = "$(TARGET_NAME)";
				TEST_TARGET_NAME = Standup.ios;
				USES_XCTRUNNER = YES;
			};
			name = Release;
		};
/* End XCBuildConfiguration section */

/* Begin XCConfigurationList section */
		F9A6649A1C720E7B00DC7B59 /* Build configuration list for PBXProject "Standup.ios" */ = {
			isa = XCConfigurationList;
			buildConfigurations = (
				F9A664C51C720E7B00DC7B59 /* Debug */,
				F9A664C61C720E7B00DC7B59 /* Release */,
			);
			defaultConfigurationIsVisible = 0;
			defaultConfigurationName = Release;
		};
		F9A664C71C720E7B00DC7B59 /* Build configuration list for PBXNativeTarget "Standup.ios" */ = {
			isa = XCConfigurationList;
			buildConfigurations = (
				F9A664C81C720E7B00DC7B59 /* Debug */,
				F9A664C91C720E7B00DC7B59 /* Release */,
			);
			defaultConfigurationIsVisible = 0;
			defaultConfigurationName = Release;
		};
		F9A664CA1C720E7B00DC7B59 /* Build configuration list for PBXNativeTarget "Standup.iosTests" */ = {
			isa = XCConfigurationList;
			buildConfigurations = (
				F9A664CB1C720E7B00DC7B59 /* Debug */,
				F9A664CC1C720E7B00DC7B59 /* Release */,
			);
			defaultConfigurationIsVisible = 0;
			defaultConfigurationName = Release;
		};
		F9A664CD1C720E7B00DC7B59 /* Build configuration list for PBXNativeTarget "Standup.iosUITests" */ = {
			isa = XCConfigurationList;
			buildConfigurations = (
				F9A664CE1C720E7B00DC7B59 /* Debug */,
				F9A664CF1C720E7B00DC7B59 /* Release */,
			);
			defaultConfigurationIsVisible = 0;
			defaultConfigurationName = Release;
		};
/* End XCConfigurationList section */

/* Begin XCVersionGroup section */
		F9678B031CFDE0EB0071AF24 /* Standup.xcdatamodeld */ = {
			isa = XCVersionGroup;
			children = (
				F9678B041CFDE0EB0071AF24 /* Standup.xcdatamodel */,
			);
			currentVersion = F9678B041CFDE0EB0071AF24 /* Standup.xcdatamodel */;
			path = Standup.xcdatamodeld;
			sourceTree = "<group>";
			versionGroupType = wrapper.xcdatamodel;
		};
/* End XCVersionGroup section */
	};
	rootObject = F9A664971C720E7B00DC7B59 /* Project object */;
}
